
Microsoft Visual Studio Solution File, Format Version 12.00
# Visual Studio Version 17
VisualStudioVersion = 17.5.33516.290
MinimumVisualStudioVersion = 10.0.40219.1
Project("{9A19103F-16F7-4668-BE54-9A1E7A4F7556}") = "PayrollEngine.Core", "Core\PayrollEngine.Core.csproj", "{1C3E87DF-925C-419C-9773-4E1444C07576}"
EndProject
Project("{2150E333-8FDC-42A3-9474-1A3956D46DE8}") = "Solution Items", "Solution Items", "{688CA2DF-84A0-49A1-8100-20F093FFF501}"
	ProjectSection(SolutionItems) = preProject
		.gitignore = .gitignore
		Directory.Build.props = Directory.Build.props
		README.md = README.md
	EndProjectSection
EndProject
Global
	GlobalSection(SolutionConfigurationPlatforms) = preSolution
		Debug|Any CPU = Debug|Any CPU
		Release|Any CPU = Release|Any CPU
	EndGlobalSection
	GlobalSection(ProjectConfigurationPlatforms) = postSolution
		{1C3E87DF-925C-419C-9773-4E1444C07576}.Debug|Any CPU.ActiveCfg = Debug|Any CPU
		{1C3E87DF-925C-419C-9773-4E1444C07576}.Debug|Any CPU.Build.0 = Debug|Any CPU
		{1C3E87DF-925C-419C-9773-4E1444C07576}.Release|Any CPU.ActiveCfg = Release|Any CPU
		{1C3E87DF-925C-419C-9773-4E1444C07576}.Release|Any CPU.Build.0 = Release|Any CPU
	EndGlobalSection
	GlobalSection(SolutionProperties) = preSolution
		HideSolutionNode = FALSE
	EndGlobalSection
	GlobalSection(ExtensibilityGlobals) = postSolution
		SolutionGuid = {D8DC1A0D-750B-4173-B3B9-7668C3D55EAF}
	EndGlobalSection
EndGlobal
